// !$*UTF8*$!
{
	archiveVersion = 1;
	classes = {
	};
	objectVersion = 46;
	objects = {

/* Begin PBXBuildFile section */
		0318A1D61B000C6D007E9662 /* EZYDestinationMapViewController.m in Sources */ = {isa = PBXBuildFile; fileRef = 50105A501AC8906C008A74F2 /* EZYDestinationMapViewController.m */; };
		0318A1D71B000DB1007E9662 /* EZYImageIsolationViewController.m in Sources */ = {isa = PBXBuildFile; fileRef = 5014C30B1ACA2CFA0028892D /* EZYImageIsolationViewController.m */; };
		0318A1D81B000F19007E9662 /* AVFoundation.framework in Frameworks */ = {isa = PBXBuildFile; fileRef = 50105A351AC87D90008A74F2 /* AVFoundation.framework */; };
		0318A1D91B000F19007E9662 /* CoreData.framework in Frameworks */ = {isa = PBXBuildFile; fileRef = 50105A371AC87D96008A74F2 /* CoreData.framework */; };
		0318A1DA1B000F19007E9662 /* CoreLocation.framework in Frameworks */ = {isa = PBXBuildFile; fileRef = 50D647571AC23A80005EDA94 /* CoreLocation.framework */; };
		0318A1DB1B000F19007E9662 /* CoreText.framework in Frameworks */ = {isa = PBXBuildFile; fileRef = 50105A391AC87DA1008A74F2 /* CoreText.framework */; };
		0318A1DC1B000F19007E9662 /* GLKit.framework in Frameworks */ = {isa = PBXBuildFile; fileRef = 50105A3B1AC87DB6008A74F2 /* GLKit.framework */; };
		0318A1DD1B000F19007E9662 /* ImageIO.framework in Frameworks */ = {isa = PBXBuildFile; fileRef = 50105A3D1AC87DBC008A74F2 /* ImageIO.framework */; };
		0318A1DE1B000F19007E9662 /* OpenGLES.framework in Frameworks */ = {isa = PBXBuildFile; fileRef = 50105A451AC87DE1008A74F2 /* OpenGLES.framework */; };
		0318A1DF1B000F19007E9662 /* QuartzCore.framework in Frameworks */ = {isa = PBXBuildFile; fileRef = 50105A471AC87DE9008A74F2 /* QuartzCore.framework */; };
		0318A1E01B000F19007E9662 /* SystemConfiguration.framework in Frameworks */ = {isa = PBXBuildFile; fileRef = 50105A491AC87DF2008A74F2 /* SystemConfiguration.framework */; };
		0318A1E11B000F26007E9662 /* libz.dylib in Frameworks */ = {isa = PBXBuildFile; fileRef = 50105A431AC87DD9008A74F2 /* libz.dylib */; };
		0318A1E21B000F30007E9662 /* libc++.dylib in Frameworks */ = {isa = PBXBuildFile; fileRef = 50105A3F1AC87DC4008A74F2 /* libc++.dylib */; };
		0318A1E31B000F5D007E9662 /* GoogleMaps.framework in Frameworks */ = {isa = PBXBuildFile; fileRef = 50105A311AC87C7E008A74F2 /* GoogleMaps.framework */; };
		038D3E3D1ADF2A8E0035123E /* OCMockitoIOS.framework in Frameworks */ = {isa = PBXBuildFile; fileRef = 038D3E3B1ADF2A8E0035123E /* OCMockitoIOS.framework */; };
		038D3E3F1ADF2AAC0035123E /* OCHamcrestIOS.framework in Frameworks */ = {isa = PBXBuildFile; fileRef = 038D3E3E1ADF2AAC0035123E /* OCHamcrestIOS.framework */; };
		03C72CEC1ADB1940009056F4 /* UIColor+EZYColors.m in Sources */ = {isa = PBXBuildFile; fileRef = 03C72CEB1ADB1940009056F4 /* UIColor+EZYColors.m */; };
		50105A321AC87C7E008A74F2 /* GoogleMaps.framework in Frameworks */ = {isa = PBXBuildFile; fileRef = 50105A311AC87C7E008A74F2 /* GoogleMaps.framework */; };
		50105A341AC87D0D008A74F2 /* GoogleMaps.bundle in Resources */ = {isa = PBXBuildFile; fileRef = 50105A331AC87D0D008A74F2 /* GoogleMaps.bundle */; };
		50105A361AC87D90008A74F2 /* AVFoundation.framework in Frameworks */ = {isa = PBXBuildFile; fileRef = 50105A351AC87D90008A74F2 /* AVFoundation.framework */; };
		50105A381AC87D96008A74F2 /* CoreData.framework in Frameworks */ = {isa = PBXBuildFile; fileRef = 50105A371AC87D96008A74F2 /* CoreData.framework */; };
		50105A3A1AC87DA1008A74F2 /* CoreText.framework in Frameworks */ = {isa = PBXBuildFile; fileRef = 50105A391AC87DA1008A74F2 /* CoreText.framework */; };
		50105A3C1AC87DB6008A74F2 /* GLKit.framework in Frameworks */ = {isa = PBXBuildFile; fileRef = 50105A3B1AC87DB6008A74F2 /* GLKit.framework */; };
		50105A3E1AC87DBC008A74F2 /* ImageIO.framework in Frameworks */ = {isa = PBXBuildFile; fileRef = 50105A3D1AC87DBC008A74F2 /* ImageIO.framework */; };
		50105A401AC87DC4008A74F2 /* libc++.dylib in Frameworks */ = {isa = PBXBuildFile; fileRef = 50105A3F1AC87DC4008A74F2 /* libc++.dylib */; };
		50105A421AC87DCF008A74F2 /* libicucore.dylib in Frameworks */ = {isa = PBXBuildFile; fileRef = 50105A411AC87DCF008A74F2 /* libicucore.dylib */; };
		50105A441AC87DD9008A74F2 /* libz.dylib in Frameworks */ = {isa = PBXBuildFile; fileRef = 50105A431AC87DD9008A74F2 /* libz.dylib */; };
		50105A461AC87DE1008A74F2 /* OpenGLES.framework in Frameworks */ = {isa = PBXBuildFile; fileRef = 50105A451AC87DE1008A74F2 /* OpenGLES.framework */; };
		50105A481AC87DE9008A74F2 /* QuartzCore.framework in Frameworks */ = {isa = PBXBuildFile; fileRef = 50105A471AC87DE9008A74F2 /* QuartzCore.framework */; };
		50105A4A1AC87DF2008A74F2 /* SystemConfiguration.framework in Frameworks */ = {isa = PBXBuildFile; fileRef = 50105A491AC87DF2008A74F2 /* SystemConfiguration.framework */; };
		50105A511AC8906C008A74F2 /* EZYDestinationMapViewController.m in Sources */ = {isa = PBXBuildFile; fileRef = 50105A501AC8906C008A74F2 /* EZYDestinationMapViewController.m */; };
		5014C30C1ACA2CFA0028892D /* EZYImageIsolationViewController.m in Sources */ = {isa = PBXBuildFile; fileRef = 5014C30B1ACA2CFA0028892D /* EZYImageIsolationViewController.m */; };
		50D6472B1AC0DDB4005EDA94 /* main.m in Sources */ = {isa = PBXBuildFile; fileRef = 50D6472A1AC0DDB4005EDA94 /* main.m */; };
		50D6472E1AC0DDB4005EDA94 /* AppDelegate.m in Sources */ = {isa = PBXBuildFile; fileRef = 50D6472D1AC0DDB4005EDA94 /* AppDelegate.m */; };
		50D647311AC0DDB4005EDA94 /* ViewController.m in Sources */ = {isa = PBXBuildFile; fileRef = 50D647301AC0DDB4005EDA94 /* ViewController.m */; };
		50D647341AC0DDB4005EDA94 /* Main.storyboard in Resources */ = {isa = PBXBuildFile; fileRef = 50D647321AC0DDB4005EDA94 /* Main.storyboard */; };
		50D647361AC0DDB4005EDA94 /* Images.xcassets in Resources */ = {isa = PBXBuildFile; fileRef = 50D647351AC0DDB4005EDA94 /* Images.xcassets */; };
		50D647451AC0DDB4005EDA94 /* CameraTestTests.m in Sources */ = {isa = PBXBuildFile; fileRef = 50D647441AC0DDB4005EDA94 /* CameraTestTests.m */; };
		50D647501AC0DE69005EDA94 /* CameraNavControllerViewController.m in Sources */ = {isa = PBXBuildFile; fileRef = 50D6474F1AC0DE69005EDA94 /* CameraNavControllerViewController.m */; };
		50D647581AC23A80005EDA94 /* CoreLocation.framework in Frameworks */ = {isa = PBXBuildFile; fileRef = 50D647571AC23A80005EDA94 /* CoreLocation.framework */; };
		50D6475E1AC23BD7005EDA94 /* EZYCollectionViewController.m in Sources */ = {isa = PBXBuildFile; fileRef = 50D6475D1AC23BD7005EDA94 /* EZYCollectionViewController.m */; };
		50D647601AC24248005EDA94 /* ImageCollectionViewCell.xib in Resources */ = {isa = PBXBuildFile; fileRef = 50D6475F1AC24248005EDA94 /* ImageCollectionViewCell.xib */; };
		50D647631AC24403005EDA94 /* EZYCollectionViewCell.m in Sources */ = {isa = PBXBuildFile; fileRef = 50D647621AC24403005EDA94 /* EZYCollectionViewCell.m */; };
		50D647661AC25C82005EDA94 /* EZYImageStoreFileSystem.m in Sources */ = {isa = PBXBuildFile; fileRef = 50D647651AC25C82005EDA94 /* EZYImageStoreFileSystem.m */; };
		50D6476D1AC377EF005EDA94 /* EZYDestinationDataSource.m in Sources */ = {isa = PBXBuildFile; fileRef = 50D6476C1AC377EF005EDA94 /* EZYDestinationDataSource.m */; };
		50D647701AC37889005EDA94 /* EZYDestination.m in Sources */ = {isa = PBXBuildFile; fileRef = 50D6476F1AC37889005EDA94 /* EZYDestination.m */; };
		50D647711AC3789F005EDA94 /* EZYDestination.m in Sources */ = {isa = PBXBuildFile; fileRef = 50D6476F1AC37889005EDA94 /* EZYDestination.m */; };
		50D647721AC378A7005EDA94 /* EZYDestinationDataSource.m in Sources */ = {isa = PBXBuildFile; fileRef = 50D6476C1AC377EF005EDA94 /* EZYDestinationDataSource.m */; };
		50D647731AC378AF005EDA94 /* CameraNavControllerViewController.m in Sources */ = {isa = PBXBuildFile; fileRef = 50D6474F1AC0DE69005EDA94 /* CameraNavControllerViewController.m */; };
		50D647741AC378AF005EDA94 /* EZYCollectionViewController.m in Sources */ = {isa = PBXBuildFile; fileRef = 50D6475D1AC23BD7005EDA94 /* EZYCollectionViewController.m */; };
		50D647751AC378B0005EDA94 /* EZYCollectionViewCell.m in Sources */ = {isa = PBXBuildFile; fileRef = 50D647621AC24403005EDA94 /* EZYCollectionViewCell.m */; };
		50D647761AC378B0005EDA94 /* EZYImageStoreFileSystem.m in Sources */ = {isa = PBXBuildFile; fileRef = 50D647651AC25C82005EDA94 /* EZYImageStoreFileSystem.m */; };
		50D647781AC378D8005EDA94 /* DestinationTestCase.m in Sources */ = {isa = PBXBuildFile; fileRef = 50D647771AC378D8005EDA94 /* DestinationTestCase.m */; };
		50D6477A1AC37BB9005EDA94 /* EZYDestinationDataSourceTestCase.m in Sources */ = {isa = PBXBuildFile; fileRef = 50D647791AC37BB9005EDA94 /* EZYDestinationDataSourceTestCase.m */; };
		50D6477D1AC38ABC005EDA94 /* EZYDestinationImageStore.m in Sources */ = {isa = PBXBuildFile; fileRef = 50D6477C1AC38ABC005EDA94 /* EZYDestinationImageStore.m */; };
		50D6477E1AC38DD2005EDA94 /* EZYDestinationImageStore.m in Sources */ = {isa = PBXBuildFile; fileRef = 50D6477C1AC38ABC005EDA94 /* EZYDestinationImageStore.m */; };
		50D647801AC38DE5005EDA94 /* EZYDestinationImageStoreTestCase.m in Sources */ = {isa = PBXBuildFile; fileRef = 50D6477F1AC38DE5005EDA94 /* EZYDestinationImageStoreTestCase.m */; };
		50F26D131AD1CE1D0029A208 /* NSString+FontAwesome.m in Sources */ = {isa = PBXBuildFile; fileRef = 50F26D111AD1CE1D0029A208 /* NSString+FontAwesome.m */; };
		50F26D161AD1D0D80029A208 /* FontAwesome.ttf in Resources */ = {isa = PBXBuildFile; fileRef = 50F26D151AD1D0D80029A208 /* FontAwesome.ttf */; };
/* End PBXBuildFile section */

/* Begin PBXContainerItemProxy section */
		50D6473F1AC0DDB4005EDA94 /* PBXContainerItemProxy */ = {
			isa = PBXContainerItemProxy;
			containerPortal = 50D6471D1AC0DDB4005EDA94 /* Project object */;
			proxyType = 1;
			remoteGlobalIDString = 50D647241AC0DDB4005EDA94;
			remoteInfo = CameraTest;
		};
/* End PBXContainerItemProxy section */

/* Begin PBXFileReference section */
		038D3E3B1ADF2A8E0035123E /* OCMockitoIOS.framework */ = {isa = PBXFileReference; lastKnownFileType = wrapper.framework; path = OCMockitoIOS.framework; sourceTree = "<group>"; };
		038D3E3E1ADF2AAC0035123E /* OCHamcrestIOS.framework */ = {isa = PBXFileReference; lastKnownFileType = wrapper.framework; path = OCHamcrestIOS.framework; sourceTree = "<group>"; };
		038D3E401ADF2AE80035123E /* TestHelper.h */ = {isa = PBXFileReference; fileEncoding = 4; lastKnownFileType = sourcecode.c.h; path = TestHelper.h; sourceTree = "<group>"; };
		03C72CEA1ADB1940009056F4 /* UIColor+EZYColors.h */ = {isa = PBXFileReference; fileEncoding = 4; lastKnownFileType = sourcecode.c.h; path = "UIColor+EZYColors.h"; sourceTree = "<group>"; };
		03C72CEB1ADB1940009056F4 /* UIColor+EZYColors.m */ = {isa = PBXFileReference; fileEncoding = 4; lastKnownFileType = sourcecode.c.objc; path = "UIColor+EZYColors.m"; sourceTree = "<group>"; };
		50105A311AC87C7E008A74F2 /* GoogleMaps.framework */ = {isa = PBXFileReference; lastKnownFileType = wrapper.framework; path = GoogleMaps.framework; sourceTree = "<group>"; };
		50105A331AC87D0D008A74F2 /* GoogleMaps.bundle */ = {isa = PBXFileReference; lastKnownFileType = "wrapper.plug-in"; name = GoogleMaps.bundle; path = GoogleMaps.framework/Versions/A/Resources/GoogleMaps.bundle; sourceTree = "<group>"; };
		50105A351AC87D90008A74F2 /* AVFoundation.framework */ = {isa = PBXFileReference; lastKnownFileType = wrapper.framework; name = AVFoundation.framework; path = System/Library/Frameworks/AVFoundation.framework; sourceTree = SDKROOT; };
		50105A371AC87D96008A74F2 /* CoreData.framework */ = {isa = PBXFileReference; lastKnownFileType = wrapper.framework; name = CoreData.framework; path = System/Library/Frameworks/CoreData.framework; sourceTree = SDKROOT; };
		50105A391AC87DA1008A74F2 /* CoreText.framework */ = {isa = PBXFileReference; lastKnownFileType = wrapper.framework; name = CoreText.framework; path = System/Library/Frameworks/CoreText.framework; sourceTree = SDKROOT; };
		50105A3B1AC87DB6008A74F2 /* GLKit.framework */ = {isa = PBXFileReference; lastKnownFileType = wrapper.framework; name = GLKit.framework; path = System/Library/Frameworks/GLKit.framework; sourceTree = SDKROOT; };
		50105A3D1AC87DBC008A74F2 /* ImageIO.framework */ = {isa = PBXFileReference; lastKnownFileType = wrapper.framework; name = ImageIO.framework; path = System/Library/Frameworks/ImageIO.framework; sourceTree = SDKROOT; };
		50105A3F1AC87DC4008A74F2 /* libc++.dylib */ = {isa = PBXFileReference; lastKnownFileType = "compiled.mach-o.dylib"; name = "libc++.dylib"; path = "usr/lib/libc++.dylib"; sourceTree = SDKROOT; };
		50105A411AC87DCF008A74F2 /* libicucore.dylib */ = {isa = PBXFileReference; lastKnownFileType = "compiled.mach-o.dylib"; name = libicucore.dylib; path = usr/lib/libicucore.dylib; sourceTree = SDKROOT; };
		50105A431AC87DD9008A74F2 /* libz.dylib */ = {isa = PBXFileReference; lastKnownFileType = "compiled.mach-o.dylib"; name = libz.dylib; path = usr/lib/libz.dylib; sourceTree = SDKROOT; };
		50105A451AC87DE1008A74F2 /* OpenGLES.framework */ = {isa = PBXFileReference; lastKnownFileType = wrapper.framework; name = OpenGLES.framework; path = System/Library/Frameworks/OpenGLES.framework; sourceTree = SDKROOT; };
		50105A471AC87DE9008A74F2 /* QuartzCore.framework */ = {isa = PBXFileReference; lastKnownFileType = wrapper.framework; name = QuartzCore.framework; path = System/Library/Frameworks/QuartzCore.framework; sourceTree = SDKROOT; };
		50105A491AC87DF2008A74F2 /* SystemConfiguration.framework */ = {isa = PBXFileReference; lastKnownFileType = wrapper.framework; name = SystemConfiguration.framework; path = System/Library/Frameworks/SystemConfiguration.framework; sourceTree = SDKROOT; };
		50105A4F1AC8906C008A74F2 /* EZYDestinationMapViewController.h */ = {isa = PBXFileReference; fileEncoding = 4; lastKnownFileType = sourcecode.c.h; path = EZYDestinationMapViewController.h; sourceTree = "<group>"; };
		50105A501AC8906C008A74F2 /* EZYDestinationMapViewController.m */ = {isa = PBXFileReference; fileEncoding = 4; lastKnownFileType = sourcecode.c.objc; path = EZYDestinationMapViewController.m; sourceTree = "<group>"; };
		5014C30A1ACA2CFA0028892D /* EZYImageIsolationViewController.h */ = {isa = PBXFileReference; fileEncoding = 4; lastKnownFileType = sourcecode.c.h; path = EZYImageIsolationViewController.h; sourceTree = "<group>"; };
		5014C30B1ACA2CFA0028892D /* EZYImageIsolationViewController.m */ = {isa = PBXFileReference; fileEncoding = 4; lastKnownFileType = sourcecode.c.objc; path = EZYImageIsolationViewController.m; sourceTree = "<group>"; };
		50D647251AC0DDB4005EDA94 /* Marker.app */ = {isa = PBXFileReference; explicitFileType = wrapper.application; includeInIndex = 0; path = Marker.app; sourceTree = BUILT_PRODUCTS_DIR; };
		50D647291AC0DDB4005EDA94 /* Info.plist */ = {isa = PBXFileReference; lastKnownFileType = text.plist.xml; path = Info.plist; sourceTree = "<group>"; };
		50D6472A1AC0DDB4005EDA94 /* main.m */ = {isa = PBXFileReference; lastKnownFileType = sourcecode.c.objc; path = main.m; sourceTree = "<group>"; };
		50D6472C1AC0DDB4005EDA94 /* AppDelegate.h */ = {isa = PBXFileReference; lastKnownFileType = sourcecode.c.h; path = AppDelegate.h; sourceTree = "<group>"; };
		50D6472D1AC0DDB4005EDA94 /* AppDelegate.m */ = {isa = PBXFileReference; lastKnownFileType = sourcecode.c.objc; path = AppDelegate.m; sourceTree = "<group>"; };
		50D6472F1AC0DDB4005EDA94 /* ViewController.h */ = {isa = PBXFileReference; lastKnownFileType = sourcecode.c.h; path = ViewController.h; sourceTree = "<group>"; };
		50D647301AC0DDB4005EDA94 /* ViewController.m */ = {isa = PBXFileReference; lastKnownFileType = sourcecode.c.objc; path = ViewController.m; sourceTree = "<group>"; };
		50D647331AC0DDB4005EDA94 /* Base */ = {isa = PBXFileReference; lastKnownFileType = file.storyboard; name = Base; path = Base.lproj/Main.storyboard; sourceTree = "<group>"; };
		50D647351AC0DDB4005EDA94 /* Images.xcassets */ = {isa = PBXFileReference; lastKnownFileType = folder.assetcatalog; path = Images.xcassets; sourceTree = "<group>"; };
		50D6473E1AC0DDB4005EDA94 /* MarkerTests.xctest */ = {isa = PBXFileReference; explicitFileType = wrapper.cfbundle; includeInIndex = 0; path = MarkerTests.xctest; sourceTree = BUILT_PRODUCTS_DIR; };
		50D647431AC0DDB4005EDA94 /* Info.plist */ = {isa = PBXFileReference; lastKnownFileType = text.plist.xml; path = Info.plist; sourceTree = "<group>"; };
		50D647441AC0DDB4005EDA94 /* CameraTestTests.m */ = {isa = PBXFileReference; lastKnownFileType = sourcecode.c.objc; path = CameraTestTests.m; sourceTree = "<group>"; };
		50D6474E1AC0DE69005EDA94 /* CameraNavControllerViewController.h */ = {isa = PBXFileReference; fileEncoding = 4; lastKnownFileType = sourcecode.c.h; path = CameraNavControllerViewController.h; sourceTree = "<group>"; };
		50D6474F1AC0DE69005EDA94 /* CameraNavControllerViewController.m */ = {isa = PBXFileReference; fileEncoding = 4; lastKnownFileType = sourcecode.c.objc; path = CameraNavControllerViewController.m; sourceTree = "<group>"; };
		50D647571AC23A80005EDA94 /* CoreLocation.framework */ = {isa = PBXFileReference; lastKnownFileType = wrapper.framework; name = CoreLocation.framework; path = System/Library/Frameworks/CoreLocation.framework; sourceTree = SDKROOT; };
		50D6475C1AC23BD7005EDA94 /* EZYCollectionViewController.h */ = {isa = PBXFileReference; fileEncoding = 4; lastKnownFileType = sourcecode.c.h; path = EZYCollectionViewController.h; sourceTree = "<group>"; };
		50D6475D1AC23BD7005EDA94 /* EZYCollectionViewController.m */ = {isa = PBXFileReference; fileEncoding = 4; lastKnownFileType = sourcecode.c.objc; path = EZYCollectionViewController.m; sourceTree = "<group>"; };
		50D6475F1AC24248005EDA94 /* ImageCollectionViewCell.xib */ = {isa = PBXFileReference; fileEncoding = 4; lastKnownFileType = file.xib; path = ImageCollectionViewCell.xib; sourceTree = "<group>"; };
		50D647611AC24403005EDA94 /* EZYCollectionViewCell.h */ = {isa = PBXFileReference; fileEncoding = 4; lastKnownFileType = sourcecode.c.h; path = EZYCollectionViewCell.h; sourceTree = "<group>"; };
		50D647621AC24403005EDA94 /* EZYCollectionViewCell.m */ = {isa = PBXFileReference; fileEncoding = 4; lastKnownFileType = sourcecode.c.objc; path = EZYCollectionViewCell.m; sourceTree = "<group>"; };
		50D647641AC25C82005EDA94 /* EZYImageStoreFileSystem.h */ = {isa = PBXFileReference; fileEncoding = 4; lastKnownFileType = sourcecode.c.h; path = EZYImageStoreFileSystem.h; sourceTree = "<group>"; };
		50D647651AC25C82005EDA94 /* EZYImageStoreFileSystem.m */ = {isa = PBXFileReference; fileEncoding = 4; lastKnownFileType = sourcecode.c.objc; path = EZYImageStoreFileSystem.m; sourceTree = "<group>"; };
		50D6476B1AC377EF005EDA94 /* EZYDestinationDataSource.h */ = {isa = PBXFileReference; fileEncoding = 4; lastKnownFileType = sourcecode.c.h; path = EZYDestinationDataSource.h; sourceTree = "<group>"; };
		50D6476C1AC377EF005EDA94 /* EZYDestinationDataSource.m */ = {isa = PBXFileReference; fileEncoding = 4; lastKnownFileType = sourcecode.c.objc; path = EZYDestinationDataSource.m; sourceTree = "<group>"; };
		50D6476E1AC37889005EDA94 /* EZYDestination.h */ = {isa = PBXFileReference; fileEncoding = 4; lastKnownFileType = sourcecode.c.h; path = EZYDestination.h; sourceTree = "<group>"; };
		50D6476F1AC37889005EDA94 /* EZYDestination.m */ = {isa = PBXFileReference; fileEncoding = 4; lastKnownFileType = sourcecode.c.objc; path = EZYDestination.m; sourceTree = "<group>"; };
		50D647771AC378D8005EDA94 /* DestinationTestCase.m */ = {isa = PBXFileReference; fileEncoding = 4; lastKnownFileType = sourcecode.c.objc; path = DestinationTestCase.m; sourceTree = "<group>"; };
		50D647791AC37BB9005EDA94 /* EZYDestinationDataSourceTestCase.m */ = {isa = PBXFileReference; fileEncoding = 4; lastKnownFileType = sourcecode.c.objc; path = EZYDestinationDataSourceTestCase.m; sourceTree = "<group>"; };
		50D6477B1AC38ABC005EDA94 /* EZYDestinationImageStore.h */ = {isa = PBXFileReference; fileEncoding = 4; lastKnownFileType = sourcecode.c.h; path = EZYDestinationImageStore.h; sourceTree = "<group>"; };
		50D6477C1AC38ABC005EDA94 /* EZYDestinationImageStore.m */ = {isa = PBXFileReference; fileEncoding = 4; lastKnownFileType = sourcecode.c.objc; path = EZYDestinationImageStore.m; sourceTree = "<group>"; };
		50D6477F1AC38DE5005EDA94 /* EZYDestinationImageStoreTestCase.m */ = {isa = PBXFileReference; fileEncoding = 4; lastKnownFileType = sourcecode.c.objc; path = EZYDestinationImageStoreTestCase.m; sourceTree = "<group>"; };
		50F26D111AD1CE1D0029A208 /* NSString+FontAwesome.m */ = {isa = PBXFileReference; fileEncoding = 4; lastKnownFileType = sourcecode.c.objc; path = "NSString+FontAwesome.m"; sourceTree = "<group>"; };
		50F26D121AD1CE1D0029A208 /* NSString+FontAwesome.h */ = {isa = PBXFileReference; fileEncoding = 4; lastKnownFileType = sourcecode.c.h; path = "NSString+FontAwesome.h"; sourceTree = "<group>"; };
		50F26D141AD1CF810029A208 /* FontAwesome.ttf */ = {isa = PBXFileReference; lastKnownFileType = file; path = FontAwesome.ttf; sourceTree = "<group>"; };
		50F26D151AD1D0D80029A208 /* FontAwesome.ttf */ = {isa = PBXFileReference; lastKnownFileType = file; name = FontAwesome.ttf; path = CameraTest/FontAwesome.ttf; sourceTree = "<group>"; };
/* End PBXFileReference section */

/* Begin PBXFrameworksBuildPhase section */
		50D647221AC0DDB4005EDA94 /* Frameworks */ = {
			isa = PBXFrameworksBuildPhase;
			buildActionMask = 2147483647;
			files = (
				50105A4A1AC87DF2008A74F2 /* SystemConfiguration.framework in Frameworks */,
				50105A481AC87DE9008A74F2 /* QuartzCore.framework in Frameworks */,
				50105A461AC87DE1008A74F2 /* OpenGLES.framework in Frameworks */,
				50105A441AC87DD9008A74F2 /* libz.dylib in Frameworks */,
				50105A421AC87DCF008A74F2 /* libicucore.dylib in Frameworks */,
				50105A401AC87DC4008A74F2 /* libc++.dylib in Frameworks */,
				50105A3E1AC87DBC008A74F2 /* ImageIO.framework in Frameworks */,
				50105A3C1AC87DB6008A74F2 /* GLKit.framework in Frameworks */,
				50105A3A1AC87DA1008A74F2 /* CoreText.framework in Frameworks */,
				50105A381AC87D96008A74F2 /* CoreData.framework in Frameworks */,
				50105A361AC87D90008A74F2 /* AVFoundation.framework in Frameworks */,
				50105A321AC87C7E008A74F2 /* GoogleMaps.framework in Frameworks */,
				50D647581AC23A80005EDA94 /* CoreLocation.framework in Frameworks */,
			);
			runOnlyForDeploymentPostprocessing = 0;
		};
		50D6473B1AC0DDB4005EDA94 /* Frameworks */ = {
			isa = PBXFrameworksBuildPhase;
			buildActionMask = 2147483647;
			files = (
				0318A1E31B000F5D007E9662 /* GoogleMaps.framework in Frameworks */,
				0318A1E21B000F30007E9662 /* libc++.dylib in Frameworks */,
				0318A1E11B000F26007E9662 /* libz.dylib in Frameworks */,
				0318A1D81B000F19007E9662 /* AVFoundation.framework in Frameworks */,
				0318A1D91B000F19007E9662 /* CoreData.framework in Frameworks */,
				0318A1DA1B000F19007E9662 /* CoreLocation.framework in Frameworks */,
				0318A1DB1B000F19007E9662 /* CoreText.framework in Frameworks */,
				0318A1DC1B000F19007E9662 /* GLKit.framework in Frameworks */,
				0318A1DD1B000F19007E9662 /* ImageIO.framework in Frameworks */,
				0318A1DE1B000F19007E9662 /* OpenGLES.framework in Frameworks */,
				0318A1DF1B000F19007E9662 /* QuartzCore.framework in Frameworks */,
				0318A1E01B000F19007E9662 /* SystemConfiguration.framework in Frameworks */,
				038D3E3D1ADF2A8E0035123E /* OCMockitoIOS.framework in Frameworks */,
				038D3E3F1ADF2AAC0035123E /* OCHamcrestIOS.framework in Frameworks */,
			);
			runOnlyForDeploymentPostprocessing = 0;
		};
/* End PBXFrameworksBuildPhase section */

/* Begin PBXGroup section */
		50D6471C1AC0DDB4005EDA94 = {
			isa = PBXGroup;
			children = (
				50F26D151AD1D0D80029A208 /* FontAwesome.ttf */,
				50105A491AC87DF2008A74F2 /* SystemConfiguration.framework */,
				50105A471AC87DE9008A74F2 /* QuartzCore.framework */,
				50105A451AC87DE1008A74F2 /* OpenGLES.framework */,
				50105A431AC87DD9008A74F2 /* libz.dylib */,
				038D3E3B1ADF2A8E0035123E /* OCMockitoIOS.framework */,
				50105A411AC87DCF008A74F2 /* libicucore.dylib */,
				038D3E3E1ADF2AAC0035123E /* OCHamcrestIOS.framework */,
				50105A3F1AC87DC4008A74F2 /* libc++.dylib */,
				50105A3D1AC87DBC008A74F2 /* ImageIO.framework */,
				50105A3B1AC87DB6008A74F2 /* GLKit.framework */,
				50105A391AC87DA1008A74F2 /* CoreText.framework */,
				50105A371AC87D96008A74F2 /* CoreData.framework */,
				50105A351AC87D90008A74F2 /* AVFoundation.framework */,
				50105A331AC87D0D008A74F2 /* GoogleMaps.bundle */,
				50105A311AC87C7E008A74F2 /* GoogleMaps.framework */,
				50D647571AC23A80005EDA94 /* CoreLocation.framework */,
				50D647271AC0DDB4005EDA94 /* CameraTest */,
				50D647411AC0DDB4005EDA94 /* CameraTestTests */,
				50D647261AC0DDB4005EDA94 /* Products */,
			);
			sourceTree = "<group>";
		};
		50D647261AC0DDB4005EDA94 /* Products */ = {
			isa = PBXGroup;
			children = (
				50D647251AC0DDB4005EDA94 /* Marker.app */,
				50D6473E1AC0DDB4005EDA94 /* MarkerTests.xctest */,
			);
			name = Products;
			sourceTree = "<group>";
		};
		50D647271AC0DDB4005EDA94 /* CameraTest */ = {
			isa = PBXGroup;
			children = (
				03C72CEA1ADB1940009056F4 /* UIColor+EZYColors.h */,
				03C72CEB1ADB1940009056F4 /* UIColor+EZYColors.m */,
				50D6472C1AC0DDB4005EDA94 /* AppDelegate.h */,
				50D6472D1AC0DDB4005EDA94 /* AppDelegate.m */,
				50D6472F1AC0DDB4005EDA94 /* ViewController.h */,
				50D647301AC0DDB4005EDA94 /* ViewController.m */,
				50D647321AC0DDB4005EDA94 /* Main.storyboard */,
				50D647351AC0DDB4005EDA94 /* Images.xcassets */,
				50F26D141AD1CF810029A208 /* FontAwesome.ttf */,
				50D647281AC0DDB4005EDA94 /* Supporting Files */,
				50D6474E1AC0DE69005EDA94 /* CameraNavControllerViewController.h */,
				50D6474F1AC0DE69005EDA94 /* CameraNavControllerViewController.m */,
				50D6475C1AC23BD7005EDA94 /* EZYCollectionViewController.h */,
				50D6475D1AC23BD7005EDA94 /* EZYCollectionViewController.m */,
				50D6475F1AC24248005EDA94 /* ImageCollectionViewCell.xib */,
				50D647611AC24403005EDA94 /* EZYCollectionViewCell.h */,
				50F26D111AD1CE1D0029A208 /* NSString+FontAwesome.m */,
				50F26D121AD1CE1D0029A208 /* NSString+FontAwesome.h */,
				50D647621AC24403005EDA94 /* EZYCollectionViewCell.m */,
				50D647641AC25C82005EDA94 /* EZYImageStoreFileSystem.h */,
				50D647651AC25C82005EDA94 /* EZYImageStoreFileSystem.m */,
				50D6476B1AC377EF005EDA94 /* EZYDestinationDataSource.h */,
				50D6476C1AC377EF005EDA94 /* EZYDestinationDataSource.m */,
				50D6476E1AC37889005EDA94 /* EZYDestination.h */,
				50D6476F1AC37889005EDA94 /* EZYDestination.m */,
				50D6477B1AC38ABC005EDA94 /* EZYDestinationImageStore.h */,
				50D6477C1AC38ABC005EDA94 /* EZYDestinationImageStore.m */,
				50105A4F1AC8906C008A74F2 /* EZYDestinationMapViewController.h */,
				50105A501AC8906C008A74F2 /* EZYDestinationMapViewController.m */,
				5014C30A1ACA2CFA0028892D /* EZYImageIsolationViewController.h */,
				5014C30B1ACA2CFA0028892D /* EZYImageIsolationViewController.m */,
			);
			path = CameraTest;
			sourceTree = "<group>";
		};
		50D647281AC0DDB4005EDA94 /* Supporting Files */ = {
			isa = PBXGroup;
			children = (
				50D647291AC0DDB4005EDA94 /* Info.plist */,
				50D6472A1AC0DDB4005EDA94 /* main.m */,
			);
			name = "Supporting Files";
			sourceTree = "<group>";
		};
		50D647411AC0DDB4005EDA94 /* CameraTestTests */ = {
			isa = PBXGroup;
			children = (
				50D647441AC0DDB4005EDA94 /* CameraTestTests.m */,
				50D647421AC0DDB4005EDA94 /* Supporting Files */,
				50D647771AC378D8005EDA94 /* DestinationTestCase.m */,
				50D647791AC37BB9005EDA94 /* EZYDestinationDataSourceTestCase.m */,
				50D6477F1AC38DE5005EDA94 /* EZYDestinationImageStoreTestCase.m */,
				038D3E401ADF2AE80035123E /* TestHelper.h */,
			);
			path = CameraTestTests;
			sourceTree = "<group>";
		};
		50D647421AC0DDB4005EDA94 /* Supporting Files */ = {
			isa = PBXGroup;
			children = (
				50D647431AC0DDB4005EDA94 /* Info.plist */,
			);
			name = "Supporting Files";
			sourceTree = "<group>";
		};
/* End PBXGroup section */

/* Begin PBXNativeTarget section */
		50D647241AC0DDB4005EDA94 /* Marker */ = {
			isa = PBXNativeTarget;
			buildConfigurationList = 50D647481AC0DDB4005EDA94 /* Build configuration list for PBXNativeTarget "Marker" */;
			buildPhases = (
				50D647211AC0DDB4005EDA94 /* Sources */,
				50D647221AC0DDB4005EDA94 /* Frameworks */,
				50D647231AC0DDB4005EDA94 /* Resources */,
			);
			buildRules = (
			);
			dependencies = (
			);
			name = Marker;
			productName = CameraTest;
			productReference = 50D647251AC0DDB4005EDA94 /* Marker.app */;
			productType = "com.apple.product-type.application";
		};
		50D6473D1AC0DDB4005EDA94 /* MarkerTests */ = {
			isa = PBXNativeTarget;
			buildConfigurationList = 50D6474B1AC0DDB4005EDA94 /* Build configuration list for PBXNativeTarget "MarkerTests" */;
			buildPhases = (
				50D6473A1AC0DDB4005EDA94 /* Sources */,
				50D6473B1AC0DDB4005EDA94 /* Frameworks */,
				50D6473C1AC0DDB4005EDA94 /* Resources */,
			);
			buildRules = (
			);
			dependencies = (
				50D647401AC0DDB4005EDA94 /* PBXTargetDependency */,
			);
			name = MarkerTests;
			productName = CameraTestTests;
			productReference = 50D6473E1AC0DDB4005EDA94 /* MarkerTests.xctest */;
			productType = "com.apple.product-type.bundle.unit-test";
		};
/* End PBXNativeTarget section */

/* Begin PBXProject section */
		50D6471D1AC0DDB4005EDA94 /* Project object */ = {
			isa = PBXProject;
			attributes = {
				LastUpgradeCheck = 0620;
				ORGANIZATIONNAME = "Erik Allar";
				TargetAttributes = {
					50D647241AC0DDB4005EDA94 = {
						CreatedOnToolsVersion = 6.2;
						DevelopmentTeam = 869755T8N8;
					};
					50D6473D1AC0DDB4005EDA94 = {
						CreatedOnToolsVersion = 6.2;
						TestTargetID = 50D647241AC0DDB4005EDA94;
					};
				};
			};
			buildConfigurationList = 50D647201AC0DDB4005EDA94 /* Build configuration list for PBXProject "Marker" */;
			compatibilityVersion = "Xcode 3.2";
			developmentRegion = English;
			hasScannedForEncodings = 0;
			knownRegions = (
				en,
				Base,
			);
			mainGroup = 50D6471C1AC0DDB4005EDA94;
			productRefGroup = 50D647261AC0DDB4005EDA94 /* Products */;
			projectDirPath = "";
			projectRoot = "";
			targets = (
				50D647241AC0DDB4005EDA94 /* Marker */,
				50D6473D1AC0DDB4005EDA94 /* MarkerTests */,
			);
		};
/* End PBXProject section */

/* Begin PBXResourcesBuildPhase section */
		50D647231AC0DDB4005EDA94 /* Resources */ = {
			isa = PBXResourcesBuildPhase;
			buildActionMask = 2147483647;
			files = (
				50F26D161AD1D0D80029A208 /* FontAwesome.ttf in Resources */,
				50D647341AC0DDB4005EDA94 /* Main.storyboard in Resources */,
				50D647601AC24248005EDA94 /* ImageCollectionViewCell.xib in Resources */,
				50D647361AC0DDB4005EDA94 /* Images.xcassets in Resources */,
				50105A341AC87D0D008A74F2 /* GoogleMaps.bundle in Resources */,
			);
			runOnlyForDeploymentPostprocessing = 0;
		};
		50D6473C1AC0DDB4005EDA94 /* Resources */ = {
			isa = PBXResourcesBuildPhase;
			buildActionMask = 2147483647;
			files = (
			);
			runOnlyForDeploymentPostprocessing = 0;
		};
/* End PBXResourcesBuildPhase section */

/* Begin PBXSourcesBuildPhase section */
		50D647211AC0DDB4005EDA94 /* Sources */ = {
			isa = PBXSourcesBuildPhase;
			buildActionMask = 2147483647;
			files = (
				50D647311AC0DDB4005EDA94 /* ViewController.m in Sources */,
				50D647661AC25C82005EDA94 /* EZYImageStoreFileSystem.m in Sources */,
				50D6476D1AC377EF005EDA94 /* EZYDestinationDataSource.m in Sources */,
				50D647701AC37889005EDA94 /* EZYDestination.m in Sources */,
				03C72CEC1ADB1940009056F4 /* UIColor+EZYColors.m in Sources */,
				5014C30C1ACA2CFA0028892D /* EZYImageIsolationViewController.m in Sources */,
				50D6472E1AC0DDB4005EDA94 /* AppDelegate.m in Sources */,
				50F26D131AD1CE1D0029A208 /* NSString+FontAwesome.m in Sources */,
				50D6472B1AC0DDB4005EDA94 /* main.m in Sources */,
				50D647631AC24403005EDA94 /* EZYCollectionViewCell.m in Sources */,
				50D6477D1AC38ABC005EDA94 /* EZYDestinationImageStore.m in Sources */,
				50D647501AC0DE69005EDA94 /* CameraNavControllerViewController.m in Sources */,
				50D6475E1AC23BD7005EDA94 /* EZYCollectionViewController.m in Sources */,
				50105A511AC8906C008A74F2 /* EZYDestinationMapViewController.m in Sources */,
			);
			runOnlyForDeploymentPostprocessing = 0;
		};
		50D6473A1AC0DDB4005EDA94 /* Sources */ = {
			isa = PBXSourcesBuildPhase;
			buildActionMask = 2147483647;
			files = (
				0318A1D71B000DB1007E9662 /* EZYImageIsolationViewController.m in Sources */,
				0318A1D61B000C6D007E9662 /* EZYDestinationMapViewController.m in Sources */,
				50D647451AC0DDB4005EDA94 /* CameraTestTests.m in Sources */,
				50D647761AC378B0005EDA94 /* EZYImageStoreFileSystem.m in Sources */,
				50D647721AC378A7005EDA94 /* EZYDestinationDataSource.m in Sources */,
				50D647711AC3789F005EDA94 /* EZYDestination.m in Sources */,
				50D647751AC378B0005EDA94 /* EZYCollectionViewCell.m in Sources */,
				50D647731AC378AF005EDA94 /* CameraNavControllerViewController.m in Sources */,
				50D647801AC38DE5005EDA94 /* EZYDestinationImageStoreTestCase.m in Sources */,
				50D647781AC378D8005EDA94 /* DestinationTestCase.m in Sources */,
				50D6477E1AC38DD2005EDA94 /* EZYDestinationImageStore.m in Sources */,
				50D6477A1AC37BB9005EDA94 /* EZYDestinationDataSourceTestCase.m in Sources */,
				50D647741AC378AF005EDA94 /* EZYCollectionViewController.m in Sources */,
			);
			runOnlyForDeploymentPostprocessing = 0;
		};
/* End PBXSourcesBuildPhase section */

/* Begin PBXTargetDependency section */
		50D647401AC0DDB4005EDA94 /* PBXTargetDependency */ = {
			isa = PBXTargetDependency;
			target = 50D647241AC0DDB4005EDA94 /* Marker */;
			targetProxy = 50D6473F1AC0DDB4005EDA94 /* PBXContainerItemProxy */;
		};
/* End PBXTargetDependency section */

/* Begin PBXVariantGroup section */
		50D647321AC0DDB4005EDA94 /* Main.storyboard */ = {
			isa = PBXVariantGroup;
			children = (
				50D647331AC0DDB4005EDA94 /* Base */,
			);
			name = Main.storyboard;
			sourceTree = "<group>";
		};
/* End PBXVariantGroup section */

/* Begin XCBuildConfiguration section */
		50D647461AC0DDB4005EDA94 /* Debug */ = {
			isa = XCBuildConfiguration;
			buildSettings = {
				ALWAYS_SEARCH_USER_PATHS = NO;
				CLANG_CXX_LANGUAGE_STANDARD = "gnu++0x";
				CLANG_CXX_LIBRARY = "libc++";
				CLANG_ENABLE_MODULES = YES;
				CLANG_ENABLE_OBJC_ARC = YES;
				CLANG_WARN_BOOL_CONVERSION = YES;
				CLANG_WARN_CONSTANT_CONVERSION = YES;
				CLANG_WARN_DIRECT_OBJC_ISA_USAGE = YES_ERROR;
				CLANG_WARN_EMPTY_BODY = YES;
				CLANG_WARN_ENUM_CONVERSION = YES;
				CLANG_WARN_INT_CONVERSION = YES;
				CLANG_WARN_OBJC_ROOT_CLASS = YES_ERROR;
				CLANG_WARN_UNREACHABLE_CODE = YES;
				CLANG_WARN__DUPLICATE_METHOD_MATCH = YES;
				"CODE_SIGN_IDENTITY[sdk=iphoneos*]" = "iPhone Developer";
				COPY_PHASE_STRIP = NO;
				ENABLE_STRICT_OBJC_MSGSEND = YES;
				GCC_C_LANGUAGE_STANDARD = gnu99;
				GCC_DYNAMIC_NO_PIC = NO;
				GCC_OPTIMIZATION_LEVEL = 0;
				GCC_PREPROCESSOR_DEFINITIONS = (
					"DEBUG=1",
					"$(inherited)",
				);
				GCC_SYMBOLS_PRIVATE_EXTERN = NO;
				GCC_WARN_64_TO_32_BIT_CONVERSION = YES;
				GCC_WARN_ABOUT_RETURN_TYPE = YES_ERROR;
				GCC_WARN_UNDECLARED_SELECTOR = YES;
				GCC_WARN_UNINITIALIZED_AUTOS = YES_AGGRESSIVE;
				GCC_WARN_UNUSED_FUNCTION = YES;
				GCC_WARN_UNUSED_VARIABLE = YES;
				IPHONEOS_DEPLOYMENT_TARGET = 8.2;
				MTL_ENABLE_DEBUG_INFO = YES;
				ONLY_ACTIVE_ARCH = YES;
				OTHER_LDFLAGS = "-ObjC";
				SDKROOT = iphoneos;
			};
			name = Debug;
		};
		50D647471AC0DDB4005EDA94 /* Release */ = {
			isa = XCBuildConfiguration;
			buildSettings = {
				ALWAYS_SEARCH_USER_PATHS = NO;
				CLANG_CXX_LANGUAGE_STANDARD = "gnu++0x";
				CLANG_CXX_LIBRARY = "libc++";
				CLANG_ENABLE_MODULES = YES;
				CLANG_ENABLE_OBJC_ARC = YES;
				CLANG_WARN_BOOL_CONVERSION = YES;
				CLANG_WARN_CONSTANT_CONVERSION = YES;
				CLANG_WARN_DIRECT_OBJC_ISA_USAGE = YES_ERROR;
				CLANG_WARN_EMPTY_BODY = YES;
				CLANG_WARN_ENUM_CONVERSION = YES;
				CLANG_WARN_INT_CONVERSION = YES;
				CLANG_WARN_OBJC_ROOT_CLASS = YES_ERROR;
				CLANG_WARN_UNREACHABLE_CODE = YES;
				CLANG_WARN__DUPLICATE_METHOD_MATCH = YES;
				"CODE_SIGN_IDENTITY[sdk=iphoneos*]" = "iPhone Developer";
				COPY_PHASE_STRIP = NO;
				ENABLE_NS_ASSERTIONS = NO;
				ENABLE_STRICT_OBJC_MSGSEND = YES;
				GCC_C_LANGUAGE_STANDARD = gnu99;
				GCC_WARN_64_TO_32_BIT_CONVERSION = YES;
				GCC_WARN_ABOUT_RETURN_TYPE = YES_ERROR;
				GCC_WARN_UNDECLARED_SELECTOR = YES;
				GCC_WARN_UNINITIALIZED_AUTOS = YES_AGGRESSIVE;
				GCC_WARN_UNUSED_FUNCTION = YES;
				GCC_WARN_UNUSED_VARIABLE = YES;
				IPHONEOS_DEPLOYMENT_TARGET = 8.2;
				MTL_ENABLE_DEBUG_INFO = NO;
				OTHER_LDFLAGS = "-ObjC";
				SDKROOT = iphoneos;
				VALIDATE_PRODUCT = YES;
			};
			name = Release;
		};
		50D647491AC0DDB4005EDA94 /* Debug */ = {
			isa = XCBuildConfiguration;
			buildSettings = {
				ASSETCATALOG_COMPILER_APPICON_NAME = AppIcon;
				ASSETCATALOG_COMPILER_LAUNCHIMAGE_NAME = LaunchImage;
				CODE_SIGN_IDENTITY = "";
				"CODE_SIGN_IDENTITY[sdk=iphoneos*]" = "";
				FRAMEWORK_SEARCH_PATHS = (
					"$(inherited)",
					"$(PROJECT_DIR)",
				);
				INFOPLIST_FILE = CameraTest/Info.plist;
				LD_RUNPATH_SEARCH_PATHS = "$(inherited) @executable_path/Frameworks";
				PRODUCT_NAME = Marker;
				PROVISIONING_PROFILE = "b8f25384-e2d1-459e-a730-64013a0f6721";
			};
			name = Debug;
		};
		50D6474A1AC0DDB4005EDA94 /* Release */ = {
			isa = XCBuildConfiguration;
			buildSettings = {
				ASSETCATALOG_COMPILER_APPICON_NAME = AppIcon;
				ASSETCATALOG_COMPILER_LAUNCHIMAGE_NAME = LaunchImage;
				CODE_SIGN_IDENTITY = "";
				"CODE_SIGN_IDENTITY[sdk=iphoneos*]" = "";
				FRAMEWORK_SEARCH_PATHS = (
					"$(inherited)",
					"$(PROJECT_DIR)",
				);
				INFOPLIST_FILE = CameraTest/Info.plist;
				LD_RUNPATH_SEARCH_PATHS = "$(inherited) @executable_path/Frameworks";
				PRODUCT_NAME = Marker;
				PROVISIONING_PROFILE = "b8f25384-e2d1-459e-a730-64013a0f6721";
			};
			name = Release;
		};
		50D6474C1AC0DDB4005EDA94 /* Debug */ = {
			isa = XCBuildConfiguration;
			buildSettings = {
				FRAMEWORK_SEARCH_PATHS = (
					"$(SDKROOT)/Developer/Library/Frameworks",
					"$(inherited)",
					"$(PROJECT_DIR)",
				);
				GCC_PREPROCESSOR_DEFINITIONS = (
					"DEBUG=1",
					"$(inherited)",
				);
				INFOPLIST_FILE = CameraTestTests/Info.plist;
				LD_RUNPATH_SEARCH_PATHS = "$(inherited) @executable_path/Frameworks @loader_path/Frameworks";
				PRODUCT_NAME = MarkerTests;
			};
			name = Debug;
		};
		50D6474D1AC0DDB4005EDA94 /* Release */ = {
			isa = XCBuildConfiguration;
			buildSettings = {
				FRAMEWORK_SEARCH_PATHS = (
					"$(SDKROOT)/Developer/Library/Frameworks",
					"$(inherited)",
					"$(PROJECT_DIR)",
				);
				INFOPLIST_FILE = CameraTestTests/Info.plist;
				LD_RUNPATH_SEARCH_PATHS = "$(inherited) @executable_path/Frameworks @loader_path/Frameworks";
				PRODUCT_NAME = MarkerTests;
			};
			name = Release;
		};
/* End XCBuildConfiguration section */

/* Begin XCConfigurationList section */
		50D647201AC0DDB4005EDA94 /* Build configuration list for PBXProject "Marker" */ = {
			isa = XCConfigurationList;
			buildConfigurations = (
				50D647461AC0DDB4005EDA94 /* Debug */,
				50D647471AC0DDB4005EDA94 /* Release */,
			);
			defaultConfigurationIsVisible = 0;
			defaultConfigurationName = Release;
		};
		50D647481AC0DDB4005EDA94 /* Build configuration list for PBXNativeTarget "Marker" */ = {
			isa = XCConfigurationList;
			buildConfigurations = (
				50D647491AC0DDB4005EDA94 /* Debug */,
				50D6474A1AC0DDB4005EDA94 /* Release */,
			);
			defaultConfigurationIsVisible = 0;
			defaultConfigurationName = Release;
		};
		50D6474B1AC0DDB4005EDA94 /* Build configuration list for PBXNativeTarget "MarkerTests" */ = {
			isa = XCConfigurationList;
			buildConfigurations = (
				50D6474C1AC0DDB4005EDA94 /* Debug */,
				50D6474D1AC0DDB4005EDA94 /* Release */,
			);
			defaultConfigurationIsVisible = 0;
			defaultConfigurationName = Release;
		};
/* End XCConfigurationList section */
	};
	rootObject = 50D6471D1AC0DDB4005EDA94 /* Project object */;
}
